
Microsoft Visual Studio Solution File, Format Version 12.00
# Visual Studio Version 17
VisualStudioVersion = 17.7.34024.191
MinimumVisualStudioVersion = 10.0.40219.1
Project("{9A19103F-16F7-4668-BE54-9A1E7A4F7556}") = "BackendApiBlazor", "BackendApiBlazor\BackendApiBlazor.csproj", "{9E8B6AF5-5B6E-477B-AE6B-6FCA37607D30}"
EndProject
Global
	GlobalSection(SolutionConfigurationPlatforms) = preSolution
		Debug|Any CPU = Debug|Any CPU
		Release|Any CPU = Release|Any CPU
	EndGlobalSection
	GlobalSection(ProjectConfigurationPlatforms) = postSolution
		{9E8B6AF5-5B6E-477B-AE6B-6FCA37607D30}.Debug|Any CPU.ActiveCfg = Debug|Any CPU
		{9E8B6AF5-5B6E-477B-AE6B-6FCA37607D30}.Debug|Any CPU.Build.0 = Debug|Any CPU
		{9E8B6AF5-5B6E-477B-AE6B-6FCA37607D30}.Release|Any CPU.ActiveCfg = Release|Any CPU
		{9E8B6AF5-5B6E-477B-AE6B-6FCA37607D30}.Release|Any CPU.Build.0 = Release|Any CPU
	EndGlobalSection
	GlobalSection(SolutionProperties) = preSolution
		HideSolutionNode = FALSE
	EndGlobalSection
	GlobalSection(ExtensibilityGlobals) = postSolution
		SolutionGuid = {1F428006-B944-4B15-BE85-09DBA656D9C2}
	EndGlobalSection
EndGlobal
